// !$*UTF8*$!
{
	archiveVersion = 1;
	classes = {
	};
	objectVersion = 48;
	objects = {

/* Begin PBXBuildFile section */
		1B29BA4520A8218C00A77520 /* AppDelegate.swift in Sources */ = {isa = PBXBuildFile; fileRef = 1B29BA4420A8218C00A77520 /* AppDelegate.swift */; };
		1B29BA4A20A8218C00A77520 /* Main.storyboard in Resources */ = {isa = PBXBuildFile; fileRef = 1B29BA4820A8218C00A77520 /* Main.storyboard */; };
		1B29BA4C20A8218C00A77520 /* Assets.xcassets in Resources */ = {isa = PBXBuildFile; fileRef = 1B29BA4B20A8218C00A77520 /* Assets.xcassets */; };
		1B29BA4F20A8218C00A77520 /* LaunchScreen.storyboard in Resources */ = {isa = PBXBuildFile; fileRef = 1B29BA4D20A8218C00A77520 /* LaunchScreen.storyboard */; };
		1B6DFEC720ABA42D00384BF0 /* EmojiCollecCollectionViewCell.swift in Sources */ = {isa = PBXBuildFile; fileRef = 1B6DFEC620ABA42D00384BF0 /* EmojiCollecCollectionViewCell.swift */; };
		1B93BFCC20AA46FA001E537C /* EmojiArtViewController.swift in Sources */ = {isa = PBXBuildFile; fileRef = 1B93BFCB20AA46FA001E537C /* EmojiArtViewController.swift */; };
		1B93BFCE20AA475A001E537C /* EmojiArtView.swift in Sources */ = {isa = PBXBuildFile; fileRef = 1B93BFCD20AA475A001E537C /* EmojiArtView.swift */; };
		1B93BFD220AA4BB1001E537C /* Utilities.swift in Sources */ = {isa = PBXBuildFile; fileRef = 1B93BFD120AA4BB0001E537C /* Utilities.swift */; };
		1B93BFD420AA6A88001E537C /* EmojiArtDocumentTableViewController.swift in Sources */ = {isa = PBXBuildFile; fileRef = 1B93BFD320AA6A88001E537C /* EmojiArtDocumentTableViewController.swift */; };
/* End PBXBuildFile section */

/* Begin PBXFileReference section */
		1B29BA4120A8218C00A77520 /* EmojiArt.app */ = {isa = PBXFileReference; explicitFileType = wrapper.application; includeInIndex = 0; path = EmojiArt.app; sourceTree = BUILT_PRODUCTS_DIR; };
		1B29BA4420A8218C00A77520 /* AppDelegate.swift */ = {isa = PBXFileReference; lastKnownFileType = sourcecode.swift; path = AppDelegate.swift; sourceTree = "<group>"; };
		1B29BA4920A8218C00A77520 /* Base */ = {isa = PBXFileReference; lastKnownFileType = file.storyboard; name = Base; path = Base.lproj/Main.storyboard; sourceTree = "<group>"; };
		1B29BA4B20A8218C00A77520 /* Assets.xcassets */ = {isa = PBXFileReference; lastKnownFileType = folder.assetcatalog; path = Assets.xcassets; sourceTree = "<group>"; };
		1B29BA4E20A8218C00A77520 /* Base */ = {isa = PBXFileReference; lastKnownFileType = file.storyboard; name = Base; path = Base.lproj/LaunchScreen.storyboard; sourceTree = "<group>"; };
		1B29BA5020A8218C00A77520 /* Info.plist */ = {isa = PBXFileReference; lastKnownFileType = text.plist.xml; path = Info.plist; sourceTree = "<group>"; };
		1B6DFEC620ABA42D00384BF0 /* EmojiCollecCollectionViewCell.swift */ = {isa = PBXFileReference; lastKnownFileType = sourcecode.swift; path = EmojiCollecCollectionViewCell.swift; sourceTree = "<group>"; };
		1B93BFCB20AA46FA001E537C /* EmojiArtViewController.swift */ = {isa = PBXFileReference; lastKnownFileType = sourcecode.swift; path = EmojiArtViewController.swift; sourceTree = "<group>"; };
		1B93BFCD20AA475A001E537C /* EmojiArtView.swift */ = {isa = PBXFileReference; lastKnownFileType = sourcecode.swift; path = EmojiArtView.swift; sourceTree = "<group>"; };
		1B93BFD120AA4BB0001E537C /* Utilities.swift */ = {isa = PBXFileReference; fileEncoding = 4; lastKnownFileType = sourcecode.swift; name = Utilities.swift; path = ../../../../Desktop/Utilities.swift; sourceTree = "<group>"; };
		1B93BFD320AA6A88001E537C /* EmojiArtDocumentTableViewController.swift */ = {isa = PBXFileReference; lastKnownFileType = sourcecode.swift; path = EmojiArtDocumentTableViewController.swift; sourceTree = "<group>"; };
/* End PBXFileReference section */

/* Begin PBXFrameworksBuildPhase section */
		1B29BA3E20A8218C00A77520 /* Frameworks */ = {
			isa = PBXFrameworksBuildPhase;
			buildActionMask = 2147483647;
			files = (
			);
			runOnlyForDeploymentPostprocessing = 0;
		};
/* End PBXFrameworksBuildPhase section */

/* Begin PBXGroup section */
		1B29BA3820A8218C00A77520 = {
			isa = PBXGroup;
			children = (
				1B29BA4320A8218C00A77520 /* EmojiArt */,
				1B29BA4220A8218C00A77520 /* Products */,
			);
			sourceTree = "<group>";
		};
		1B29BA4220A8218C00A77520 /* Products */ = {
			isa = PBXGroup;
			children = (
				1B29BA4120A8218C00A77520 /* EmojiArt.app */,
			);
			name = Products;
			sourceTree = "<group>";
		};
		1B29BA4320A8218C00A77520 /* EmojiArt */ = {
			isa = PBXGroup;
			children = (
				1B29BA4820A8218C00A77520 /* Main.storyboard */,
				1B6DFEC620ABA42D00384BF0 /* EmojiCollecCollectionViewCell.swift */,
				1B93BFCB20AA46FA001E537C /* EmojiArtViewController.swift */,
				1B93BFCD20AA475A001E537C /* EmojiArtView.swift */,
				1B93BFD120AA4BB0001E537C /* Utilities.swift */,
				1B93BFD320AA6A88001E537C /* EmojiArtDocumentTableViewController.swift */,
				1B29BA5020A8218C00A77520 /* Info.plist */,
				1B29BA5620A821A800A77520 /* Suporting Files */,
			);
			path = EmojiArt;
			sourceTree = "<group>";
		};
		1B29BA5620A821A800A77520 /* Suporting Files */ = {
			isa = PBXGroup;
			children = (
				1B29BA4420A8218C00A77520 /* AppDelegate.swift */,
				1B29BA4B20A8218C00A77520 /* Assets.xcassets */,
				1B29BA4D20A8218C00A77520 /* LaunchScreen.storyboard */,
			);
			path = "Suporting Files";
			sourceTree = "<group>";
		};
/* End PBXGroup section */

/* Begin PBXNativeTarget section */
		1B29BA4020A8218C00A77520 /* EmojiArt */ = {
			isa = PBXNativeTarget;
			buildConfigurationList = 1B29BA5320A8218C00A77520 /* Build configuration list for PBXNativeTarget "EmojiArt" */;
			buildPhases = (
				1B29BA3D20A8218C00A77520 /* Sources */,
				1B29BA3E20A8218C00A77520 /* Frameworks */,
				1B29BA3F20A8218C00A77520 /* Resources */,
			);
			buildRules = (
			);
			dependencies = (
			);
			name = EmojiArt;
			productName = EmojiArt;
			productReference = 1B29BA4120A8218C00A77520 /* EmojiArt.app */;
			productType = "com.apple.product-type.application";
		};
/* End PBXNativeTarget section */

/* Begin PBXProject section */
		1B29BA3920A8218C00A77520 /* Project object */ = {
			isa = PBXProject;
			attributes = {
				LastSwiftUpdateCheck = 0920;
				LastUpgradeCheck = 0920;
				ORGANIZATIONNAME = "Phan Nhat Dang";
				TargetAttributes = {
					1B29BA4020A8218C00A77520 = {
						CreatedOnToolsVersion = 9.2;
						ProvisioningStyle = Automatic;
					};
				};
			};
			buildConfigurationList = 1B29BA3C20A8218C00A77520 /* Build configuration list for PBXProject "EmojiArt" */;
			compatibilityVersion = "Xcode 8.0";
			developmentRegion = en;
			hasScannedForEncodings = 0;
			knownRegions = (
				en,
				Base,
			);
			mainGroup = 1B29BA3820A8218C00A77520;
			productRefGroup = 1B29BA4220A8218C00A77520 /* Products */;
			projectDirPath = "";
			projectRoot = "";
			targets = (
				1B29BA4020A8218C00A77520 /* EmojiArt */,
			);
		};
/* End PBXProject section */

/* Begin PBXResourcesBuildPhase section */
		1B29BA3F20A8218C00A77520 /* Resources */ = {
			isa = PBXResourcesBuildPhase;
			buildActionMask = 2147483647;
			files = (
				1B29BA4F20A8218C00A77520 /* LaunchScreen.storyboard in Resources */,
				1B29BA4C20A8218C00A77520 /* Assets.xcassets in Resources */,
				1B29BA4A20A8218C00A77520 /* Main.storyboard in Resources */,
			);
			runOnlyForDeploymentPostprocessing = 0;
		};
/* End PBXResourcesBuildPhase section */

/* Begin PBXSourcesBuildPhase section */
		1B29BA3D20A8218C00A77520 /* Sources */ = {
			isa = PBXSourcesBuildPhase;
			buildActionMask = 2147483647;
			files = (
				1B29BA4520A8218C00A77520 /* AppDelegate.swift in Sources */,
				1B93BFCC20AA46FA001E537C /* EmojiArtViewController.swift in Sources */,
				1B93BFD220AA4BB1001E537C /* Utilities.swift in Sources */,
				1B6DFEC720ABA42D00384BF0 /* EmojiCollecCollectionViewCell.swift in Sources */,
				1B93BFD420AA6A88001E537C /* EmojiArtDocumentTableViewController.swift in Sources */,
				1B93BFCE20AA475A001E537C /* EmojiArtView.swift in Sources */,
			);
			runOnlyForDeploymentPostprocessing = 0;
		};
/* End PBXSourcesBuildPhase section */

/* Begin PBXVariantGroup section */
		1B29BA4820A8218C00A77520 /* Main.storyboard */ = {
			isa = PBXVariantGroup;
			children = (
				1B29BA4920A8218C00A77520 /* Base */,
			);
			name = Main.storyboard;
			sourceTree = "<group>";
		};
		1B29BA4D20A8218C00A77520 /* LaunchScreen.storyboard */ = {
			isa = PBXVariantGroup;
			children = (
				1B29BA4E20A8218C00A77520 /* Base */,
			);
			name = LaunchScreen.storyboard;
			sourceTree = "<group>";
		};
/* End PBXVariantGroup section */

/* Begin XCBuildConfiguration section */
		1B29BA5120A8218C00A77520 /* Debug */ = {
			isa = XCBuildConfiguration;
			buildSettings = {
				ALWAYS_SEARCH_USER_PATHS = NO;
				CLANG_ANALYZER_NONNULL = YES;
				CLANG_ANALYZER_NUMBER_OBJECT_CONVERSION = YES_AGGRESSIVE;
				CLANG_CXX_LANGUAGE_STANDARD = "gnu++14";
				CLANG_CXX_LIBRARY = "libc++";
				CLANG_ENABLE_MODULES = YES;
				CLANG_ENABLE_OBJC_ARC = YES;
				CLANG_WARN_BLOCK_CAPTURE_AUTORELEASING = YES;
				CLANG_WARN_BOOL_CONVERSION = YES;
				CLANG_WARN_COMMA = YES;
				CLANG_WARN_CONSTANT_CONVERSION = YES;
				CLANG_WARN_DIRECT_OBJC_ISA_USAGE = YES_ERROR;
				CLANG_WARN_DOCUMENTATION_COMMENTS = YES;
				CLANG_WARN_EMPTY_BODY = YES;
				CLANG_WARN_ENUM_CONVERSION = YES;
				CLANG_WARN_INFINITE_RECURSION = YES;
				CLANG_WARN_INT_CONVERSION = YES;
				CLANG_WARN_NON_LITERAL_NULL_CONVERSION = YES;
				CLANG_WARN_OBJC_LITERAL_CONVERSION = YES;
				CLANG_WARN_OBJC_ROOT_CLASS = YES_ERROR;
				CLANG_WARN_RANGE_LOOP_ANALYSIS = YES;
				CLANG_WARN_STRICT_PROTOTYPES = YES;
				CLANG_WARN_SUSPICIOUS_MOVE = YES;
				CLANG_WARN_UNGUARDED_AVAILABILITY = YES_AGGRESSIVE;
				CLANG_WARN_UNREACHABLE_CODE = YES;
				CLANG_WARN__DUPLICATE_METHOD_MATCH = YES;
				CODE_SIGN_IDENTITY = "iPhone Developer";
				COPY_PHASE_STRIP = NO;
				DEBUG_INFORMATION_FORMAT = dwarf;
				ENABLE_STRICT_OBJC_MSGSEND = YES;
				ENABLE_TESTABILITY = YES;
				GCC_C_LANGUAGE_STANDARD = gnu11;
				GCC_DYNAMIC_NO_PIC = NO;
				GCC_NO_COMMON_BLOCKS = YES;
				GCC_OPTIMIZATION_LEVEL = 0;
				GCC_PREPROCESSOR_DEFINITIONS = (
					"DEBUG=1",
					"$(inherited)",
				);
				GCC_WARN_64_TO_32_BIT_CONVERSION = YES;
				GCC_WARN_ABOUT_RETURN_TYPE = YES_ERROR;
				GCC_WARN_UNDECLARED_SELECTOR = YES;
				GCC_WARN_UNINITIALIZED_AUTOS = YES_AGGRESSIVE;
				GCC_WARN_UNUSED_FUNCTION = YES;
				GCC_WARN_UNUSED_VARIABLE = YES;
				IPHONEOS_DEPLOYMENT_TARGET = 11.2;
				MTL_ENABLE_DEBUG_INFO = YES;
				ONLY_ACTIVE_ARCH = YES;
				SDKROOT = iphoneos;
				SWIFT_ACTIVE_COMPILATION_CONDITIONS = DEBUG;
				SWIFT_OPTIMIZATION_LEVEL = "-Onone";
			};
			name = Debug;
		};
		1B29BA5220A8218C00A77520 /* Release */ = {
			isa = XCBuildConfiguration;
			buildSettings = {
				ALWAYS_SEARCH_USER_PATHS = NO;
				CLANG_ANALYZER_NONNULL = YES;
				CLANG_ANALYZER_NUMBER_OBJECT_CONVERSION = YES_AGGRESSIVE;
				CLANG_CXX_LANGUAGE_STANDARD = "gnu++14";
				CLANG_CXX_LIBRARY = "libc++";
				CLANG_ENABLE_MODULES = YES;
				CLANG_ENABLE_OBJC_ARC = YES;
				CLANG_WARN_BLOCK_CAPTURE_AUTORELEASING = YES;
				CLANG_WARN_BOOL_CONVERSION = YES;
				CLANG_WARN_COMMA = YES;
				CLANG_WARN_CONSTANT_CONVERSION = YES;
				CLANG_WARN_DIRECT_OBJC_ISA_USAGE = YES_ERROR;
				CLANG_WARN_DOCUMENTATION_COMMENTS = YES;
				CLANG_WARN_EMPTY_BODY = YES;
				CLANG_WARN_ENUM_CONVERSION = YES;
				CLANG_WARN_INFINITE_RECURSION = YES;
				CLANG_WARN_INT_CONVERSION = YES;
				CLANG_WARN_NON_LITERAL_NULL_CONVERSION = YES;
				CLANG_WARN_OBJC_LITERAL_CONVERSION = YES;
				CLANG_WARN_OBJC_ROOT_CLASS = YES_ERROR;
				CLANG_WARN_RANGE_LOOP_ANALYSIS = YES;
				CLANG_WARN_STRICT_PROTOTYPES = YES;
				CLANG_WARN_SUSPICIOUS_MOVE = YES;
				CLANG_WARN_UNGUARDED_AVAILABILITY = YES_AGGRESSIVE;
				CLANG_WARN_UNREACHABLE_CODE = YES;
				CLANG_WARN__DUPLICATE_METHOD_MATCH = YES;
				CODE_SIGN_IDENTITY = "iPhone Developer";
				COPY_PHASE_STRIP = NO;
				DEBUG_INFORMATION_FORMAT = "dwarf-with-dsym";
				ENABLE_NS_ASSERTIONS = NO;
				ENABLE_STRICT_OBJC_MSGSEND = YES;
				GCC_C_LANGUAGE_STANDARD = gnu11;
				GCC_NO_COMMON_BLOCKS = YES;
				GCC_WARN_64_TO_32_BIT_CONVERSION = YES;
				GCC_WARN_ABOUT_RETURN_TYPE = YES_ERROR;
				GCC_WARN_UNDECLARED_SELECTOR = YES;
				GCC_WARN_UNINITIALIZED_AUTOS = YES_AGGRESSIVE;
				GCC_WARN_UNUSED_FUNCTION = YES;
				GCC_WARN_UNUSED_VARIABLE = YES;
				IPHONEOS_DEPLOYMENT_TARGET = 11.2;
				MTL_ENABLE_DEBUG_INFO = NO;
				SDKROOT = iphoneos;
				SWIFT_OPTIMIZATION_LEVEL = "-Owholemodule";
				VALIDATE_PRODUCT = YES;
			};
			name = Release;
		};
		1B29BA5420A8218C00A77520 /* Debug */ = {
			isa = XCBuildConfiguration;
			buildSettings = {
				ASSETCATALOG_COMPILER_APPICON_NAME = AppIcon;
				CODE_SIGN_STYLE = Automatic;
				DEVELOPMENT_TEAM = R62W435DEM;
				INFOPLIST_FILE = EmojiArt/Info.plist;
				LD_RUNPATH_SEARCH_PATHS = "$(inherited) @executable_path/Frameworks";
				PRODUCT_BUNDLE_IDENTIFIER = "Phan-Nhat-Dang.EmojiArt";
				PRODUCT_NAME = "$(TARGET_NAME)";
				SWIFT_VERSION = 4.0;
				TARGETED_DEVICE_FAMILY = "1,2";
			};
			name = Debug;
		};
		1B29BA5520A8218C00A77520 /* Release */ = {
			isa = XCBuildConfiguration;
			buildSettings = {
				ASSETCATALOG_COMPILER_APPICON_NAME = AppIcon;
				CODE_SIGN_STYLE = Automatic;
				DEVELOPMENT_TEAM = R62W435DEM;
				INFOPLIST_FILE = EmojiArt/Info.plist;
				LD_RUNPATH_SEARCH_PATHS = "$(inherited) @executable_path/Frameworks";
				PRODUCT_BUNDLE_IDENTIFIER = "Phan-Nhat-Dang.EmojiArt";
				PRODUCT_NAME = "$(TARGET_NAME)";
				SWIFT_VERSION = 4.0;
				TARGETED_DEVICE_FAMILY = "1,2";
			};
			name = Release;
		};
/* End XCBuildConfiguration section */

/* Begin XCConfigurationList section */
		1B29BA3C20A8218C00A77520 /* Build configuration list for PBXProject "EmojiArt" */ = {
			isa = XCConfigurationList;
			buildConfigurations = (
				1B29BA5120A8218C00A77520 /* Debug */,
				1B29BA5220A8218C00A77520 /* Release */,
			);
			defaultConfigurationIsVisible = 0;
			defaultConfigurationName = Release;
		};
		1B29BA5320A8218C00A77520 /* Build configuration list for PBXNativeTarget "EmojiArt" */ = {
			isa = XCConfigurationList;
			buildConfigurations = (
				1B29BA5420A8218C00A77520 /* Debug */,
				1B29BA5520A8218C00A77520 /* Release */,
			);
			defaultConfigurationIsVisible = 0;
			defaultConfigurationName = Release;
		};
/* End XCConfigurationList section */
	};
	rootObject = 1B29BA3920A8218C00A77520 /* Project object */;
}
